
Microsoft Visual Studio Solution File, Format Version 12.00
# Visual Studio 15
VisualStudioVersion = 15.0.26124.0
MinimumVisualStudioVersion = 15.0.26124.0
Project("{FAE04EC0-301F-11D3-BF4B-00C04F79EFBC}") = "Phoenix.Domain", "src\Phoenix.Domain\Phoenix.Domain.csproj", "{B4C1C0A4-8EDD-4052-9F7F-5798C497B614}"
EndProject
Project("{FAE04EC0-301F-11D3-BF4B-00C04F79EFBC}") = "Phoenix.Domain.Tests", "src\Phoenix.Domain.Tests\Phoenix.Domain.Tests.csproj", "{C3A5C2E8-464C-49FF-8036-535DC4EA5F36}"
EndProject
Project("{FAE04EC0-301F-11D3-BF4B-00C04F79EFBC}") = "Phoenix.Infrastructure", "src\Phoenix.Infrastructure\Phoenix.Infrastructure.csproj", "{699348BE-AA51-452D-8B8F-9B3AE31C8FC2}"
EndProject
Project("{FAE04EC0-301F-11D3-BF4B-00C04F79EFBC}") = "Phoenix.Core", "src\Phoenix.Core\Phoenix.Core.csproj", "{06140F36-374F-4981-B393-55A545F515DA}"
EndProject
Project("{FAE04EC0-301F-11D3-BF4B-00C04F79EFBC}") = "Phoenix.Console", "src\Phoenix.Console\Phoenix.Console.csproj", "{07C7DF9A-E9CC-4E22-9E42-F6442F34B382}"
EndProject
Project("{2150E333-8FDC-42A3-9474-1A3956D46DE8}") = "src", "src", "{05BF6BBA-CE43-4B55-8B7F-D4160C608666}"
EndProject
Project("{FAE04EC0-301F-11D3-BF4B-00C04F79EFBC}") = "Phoenix.Common", "src\Phoenix.Common\Phoenix.Common.csproj", "{CA14215C-639D-4003-923D-8C0EFCCC9884}"
EndProject
Project("{FAE04EC0-301F-11D3-BF4B-00C04F79EFBC}") = "Phoenix", "src\Phoenix\Phoenix.csproj", "{CA73853F-4D27-4EED-9CA9-3CC39B5DD733}"
EndProject
Project("{FAE04EC0-301F-11D3-BF4B-00C04F79EFBC}") = "Phoenix.Tests", "src\Phoenix.Tests\Phoenix.Tests.csproj", "{FCB66420-02DB-4BB2-984E-A6F77EDA06E1}"
EndProject
Global
	GlobalSection(SolutionConfigurationPlatforms) = preSolution
		Debug|Any CPU = Debug|Any CPU
		Debug|x64 = Debug|x64
		Debug|x86 = Debug|x86
		Release|Any CPU = Release|Any CPU
		Release|x64 = Release|x64
		Release|x86 = Release|x86
	EndGlobalSection
	GlobalSection(SolutionProperties) = preSolution
		HideSolutionNode = FALSE
	EndGlobalSection
	GlobalSection(ProjectConfigurationPlatforms) = postSolution
		{B4C1C0A4-8EDD-4052-9F7F-5798C497B614}.Debug|Any CPU.ActiveCfg = Debug|Any CPU
		{B4C1C0A4-8EDD-4052-9F7F-5798C497B614}.Debug|Any CPU.Build.0 = Debug|Any CPU
		{B4C1C0A4-8EDD-4052-9F7F-5798C497B614}.Debug|x64.ActiveCfg = Debug|x64
		{B4C1C0A4-8EDD-4052-9F7F-5798C497B614}.Debug|x64.Build.0 = Debug|x64
		{B4C1C0A4-8EDD-4052-9F7F-5798C497B614}.Debug|x86.ActiveCfg = Debug|x86
		{B4C1C0A4-8EDD-4052-9F7F-5798C497B614}.Debug|x86.Build.0 = Debug|x86
		{B4C1C0A4-8EDD-4052-9F7F-5798C497B614}.Release|Any CPU.ActiveCfg = Release|Any CPU
		{B4C1C0A4-8EDD-4052-9F7F-5798C497B614}.Release|Any CPU.Build.0 = Release|Any CPU
		{B4C1C0A4-8EDD-4052-9F7F-5798C497B614}.Release|x64.ActiveCfg = Release|x64
		{B4C1C0A4-8EDD-4052-9F7F-5798C497B614}.Release|x64.Build.0 = Release|x64
		{B4C1C0A4-8EDD-4052-9F7F-5798C497B614}.Release|x86.ActiveCfg = Release|x86
		{B4C1C0A4-8EDD-4052-9F7F-5798C497B614}.Release|x86.Build.0 = Release|x86
		{C3A5C2E8-464C-49FF-8036-535DC4EA5F36}.Debug|Any CPU.ActiveCfg = Debug|Any CPU
		{C3A5C2E8-464C-49FF-8036-535DC4EA5F36}.Debug|Any CPU.Build.0 = Debug|Any CPU
		{C3A5C2E8-464C-49FF-8036-535DC4EA5F36}.Debug|x64.ActiveCfg = Debug|x64
		{C3A5C2E8-464C-49FF-8036-535DC4EA5F36}.Debug|x64.Build.0 = Debug|x64
		{C3A5C2E8-464C-49FF-8036-535DC4EA5F36}.Debug|x86.ActiveCfg = Debug|x86
		{C3A5C2E8-464C-49FF-8036-535DC4EA5F36}.Debug|x86.Build.0 = Debug|x86
		{C3A5C2E8-464C-49FF-8036-535DC4EA5F36}.Release|Any CPU.ActiveCfg = Release|Any CPU
		{C3A5C2E8-464C-49FF-8036-535DC4EA5F36}.Release|Any CPU.Build.0 = Release|Any CPU
		{C3A5C2E8-464C-49FF-8036-535DC4EA5F36}.Release|x64.ActiveCfg = Release|x64
		{C3A5C2E8-464C-49FF-8036-535DC4EA5F36}.Release|x64.Build.0 = Release|x64
		{C3A5C2E8-464C-49FF-8036-535DC4EA5F36}.Release|x86.ActiveCfg = Release|x86
		{C3A5C2E8-464C-49FF-8036-535DC4EA5F36}.Release|x86.Build.0 = Release|x86
		{699348BE-AA51-452D-8B8F-9B3AE31C8FC2}.Debug|Any CPU.ActiveCfg = Debug|Any CPU
		{699348BE-AA51-452D-8B8F-9B3AE31C8FC2}.Debug|Any CPU.Build.0 = Debug|Any CPU
		{699348BE-AA51-452D-8B8F-9B3AE31C8FC2}.Debug|x64.ActiveCfg = Debug|x64
		{699348BE-AA51-452D-8B8F-9B3AE31C8FC2}.Debug|x64.Build.0 = Debug|x64
		{699348BE-AA51-452D-8B8F-9B3AE31C8FC2}.Debug|x86.ActiveCfg = Debug|x86
		{699348BE-AA51-452D-8B8F-9B3AE31C8FC2}.Debug|x86.Build.0 = Debug|x86
		{699348BE-AA51-452D-8B8F-9B3AE31C8FC2}.Release|Any CPU.ActiveCfg = Release|Any CPU
		{699348BE-AA51-452D-8B8F-9B3AE31C8FC2}.Release|Any CPU.Build.0 = Release|Any CPU
		{699348BE-AA51-452D-8B8F-9B3AE31C8FC2}.Release|x64.ActiveCfg = Release|x64
		{699348BE-AA51-452D-8B8F-9B3AE31C8FC2}.Release|x64.Build.0 = Release|x64
		{699348BE-AA51-452D-8B8F-9B3AE31C8FC2}.Release|x86.ActiveCfg = Release|x86
		{699348BE-AA51-452D-8B8F-9B3AE31C8FC2}.Release|x86.Build.0 = Release|x86
		{06140F36-374F-4981-B393-55A545F515DA}.Debug|Any CPU.ActiveCfg = Debug|Any CPU
		{06140F36-374F-4981-B393-55A545F515DA}.Debug|Any CPU.Build.0 = Debug|Any CPU
		{06140F36-374F-4981-B393-55A545F515DA}.Debug|x64.ActiveCfg = Debug|x64
		{06140F36-374F-4981-B393-55A545F515DA}.Debug|x64.Build.0 = Debug|x64
		{06140F36-374F-4981-B393-55A545F515DA}.Debug|x86.ActiveCfg = Debug|x86
		{06140F36-374F-4981-B393-55A545F515DA}.Debug|x86.Build.0 = Debug|x86
		{06140F36-374F-4981-B393-55A545F515DA}.Release|Any CPU.ActiveCfg = Release|Any CPU
		{06140F36-374F-4981-B393-55A545F515DA}.Release|Any CPU.Build.0 = Release|Any CPU
		{06140F36-374F-4981-B393-55A545F515DA}.Release|x64.ActiveCfg = Release|x64
		{06140F36-374F-4981-B393-55A545F515DA}.Release|x64.Build.0 = Release|x64
		{06140F36-374F-4981-B393-55A545F515DA}.Release|x86.ActiveCfg = Release|x86
		{06140F36-374F-4981-B393-55A545F515DA}.Release|x86.Build.0 = Release|x86
		{07C7DF9A-E9CC-4E22-9E42-F6442F34B382}.Debug|Any CPU.ActiveCfg = Debug|Any CPU
		{07C7DF9A-E9CC-4E22-9E42-F6442F34B382}.Debug|Any CPU.Build.0 = Debug|Any CPU
		{07C7DF9A-E9CC-4E22-9E42-F6442F34B382}.Debug|x64.ActiveCfg = Debug|x64
		{07C7DF9A-E9CC-4E22-9E42-F6442F34B382}.Debug|x64.Build.0 = Debug|x64
		{07C7DF9A-E9CC-4E22-9E42-F6442F34B382}.Debug|x86.ActiveCfg = Debug|x86
		{07C7DF9A-E9CC-4E22-9E42-F6442F34B382}.Debug|x86.Build.0 = Debug|x86
		{07C7DF9A-E9CC-4E22-9E42-F6442F34B382}.Release|Any CPU.ActiveCfg = Release|Any CPU
		{07C7DF9A-E9CC-4E22-9E42-F6442F34B382}.Release|Any CPU.Build.0 = Release|Any CPU
		{07C7DF9A-E9CC-4E22-9E42-F6442F34B382}.Release|x64.ActiveCfg = Release|x64
		{07C7DF9A-E9CC-4E22-9E42-F6442F34B382}.Release|x64.Build.0 = Release|x64
		{07C7DF9A-E9CC-4E22-9E42-F6442F34B382}.Release|x86.ActiveCfg = Release|x86
		{07C7DF9A-E9CC-4E22-9E42-F6442F34B382}.Release|x86.Build.0 = Release|x86
		{CA14215C-639D-4003-923D-8C0EFCCC9884}.Debug|Any CPU.ActiveCfg = Debug|Any CPU
		{CA14215C-639D-4003-923D-8C0EFCCC9884}.Debug|Any CPU.Build.0 = Debug|Any CPU
		{CA14215C-639D-4003-923D-8C0EFCCC9884}.Debug|x64.ActiveCfg = Debug|x64
		{CA14215C-639D-4003-923D-8C0EFCCC9884}.Debug|x64.Build.0 = Debug|x64
		{CA14215C-639D-4003-923D-8C0EFCCC9884}.Debug|x86.ActiveCfg = Debug|x86
		{CA14215C-639D-4003-923D-8C0EFCCC9884}.Debug|x86.Build.0 = Debug|x86
		{CA14215C-639D-4003-923D-8C0EFCCC9884}.Release|Any CPU.ActiveCfg = Release|Any CPU
		{CA14215C-639D-4003-923D-8C0EFCCC9884}.Release|Any CPU.Build.0 = Release|Any CPU
		{CA14215C-639D-4003-923D-8C0EFCCC9884}.Release|x64.ActiveCfg = Release|x64
		{CA14215C-639D-4003-923D-8C0EFCCC9884}.Release|x64.Build.0 = Release|x64
		{CA14215C-639D-4003-923D-8C0EFCCC9884}.Release|x86.ActiveCfg = Release|x86
		{CA14215C-639D-4003-923D-8C0EFCCC9884}.Release|x86.Build.0 = Release|x86
		{CA73853F-4D27-4EED-9CA9-3CC39B5DD733}.Debug|Any CPU.ActiveCfg = Debug|Any CPU
		{CA73853F-4D27-4EED-9CA9-3CC39B5DD733}.Debug|Any CPU.Build.0 = Debug|Any CPU
		{CA73853F-4D27-4EED-9CA9-3CC39B5DD733}.Debug|x64.ActiveCfg = Debug|x64
		{CA73853F-4D27-4EED-9CA9-3CC39B5DD733}.Debug|x64.Build.0 = Debug|x64
		{CA73853F-4D27-4EED-9CA9-3CC39B5DD733}.Debug|x86.ActiveCfg = Debug|x86
		{CA73853F-4D27-4EED-9CA9-3CC39B5DD733}.Debug|x86.Build.0 = Debug|x86
		{CA73853F-4D27-4EED-9CA9-3CC39B5DD733}.Release|Any CPU.ActiveCfg = Release|Any CPU
		{CA73853F-4D27-4EED-9CA9-3CC39B5DD733}.Release|Any CPU.Build.0 = Release|Any CPU
		{CA73853F-4D27-4EED-9CA9-3CC39B5DD733}.Release|x64.ActiveCfg = Release|x64
		{CA73853F-4D27-4EED-9CA9-3CC39B5DD733}.Release|x64.Build.0 = Release|x64
		{CA73853F-4D27-4EED-9CA9-3CC39B5DD733}.Release|x86.ActiveCfg = Release|x86
		{CA73853F-4D27-4EED-9CA9-3CC39B5DD733}.Release|x86.Build.0 = Release|x86
		{FCB66420-02DB-4BB2-984E-A6F77EDA06E1}.Debug|Any CPU.ActiveCfg = Debug|Any CPU
		{FCB66420-02DB-4BB2-984E-A6F77EDA06E1}.Debug|Any CPU.Build.0 = Debug|Any CPU
		{FCB66420-02DB-4BB2-984E-A6F77EDA06E1}.Debug|x64.ActiveCfg = Debug|x64
		{FCB66420-02DB-4BB2-984E-A6F77EDA06E1}.Debug|x64.Build.0 = Debug|x64
		{FCB66420-02DB-4BB2-984E-A6F77EDA06E1}.Debug|x86.ActiveCfg = Debug|x86
		{FCB66420-02DB-4BB2-984E-A6F77EDA06E1}.Debug|x86.Build.0 = Debug|x86
		{FCB66420-02DB-4BB2-984E-A6F77EDA06E1}.Release|Any CPU.ActiveCfg = Release|Any CPU
		{FCB66420-02DB-4BB2-984E-A6F77EDA06E1}.Release|Any CPU.Build.0 = Release|Any CPU
		{FCB66420-02DB-4BB2-984E-A6F77EDA06E1}.Release|x64.ActiveCfg = Release|x64
		{FCB66420-02DB-4BB2-984E-A6F77EDA06E1}.Release|x64.Build.0 = Release|x64
		{FCB66420-02DB-4BB2-984E-A6F77EDA06E1}.Release|x86.ActiveCfg = Release|x86
		{FCB66420-02DB-4BB2-984E-A6F77EDA06E1}.Release|x86.Build.0 = Release|x86
	EndGlobalSection
	GlobalSection(NestedProjects) = preSolution
		{CA14215C-639D-4003-923D-8C0EFCCC9884} = {05BF6BBA-CE43-4B55-8B7F-D4160C608666}
		{CA73853F-4D27-4EED-9CA9-3CC39B5DD733} = {05BF6BBA-CE43-4B55-8B7F-D4160C608666}
		{FCB66420-02DB-4BB2-984E-A6F77EDA06E1} = {05BF6BBA-CE43-4B55-8B7F-D4160C608666}
	EndGlobalSection
EndGlobal
